
Microsoft Visual Studio Solution File, Format Version 12.00
# Visual Studio 2017
Project("{FAE04EC0-301F-11D3-BF4B-00C04F79EFBC}") = "Animals.Plugins", "Animals.Plugins.csproj", "{90F7ED5F-29CD-4048-3D60-49615A8B74E2}"
EndProject
Project("{FAE04EC0-301F-11D3-BF4B-00C04F79EFBC}") = "Animals", "Animals.csproj", "{CD850D31-54CF-29A6-E620-B7D67B4035DA}"
EndProject
Project("{FAE04EC0-301F-11D3-BF4B-00C04F79EFBC}") = "Animals.Editor.Plugins", "Animals.Editor.Plugins.csproj", "{2AAF1E1D-CCF1-4767-2C03-F99C6516871C}"
EndProject
Project("{FAE04EC0-301F-11D3-BF4B-00C04F79EFBC}") = "Animals.Editor", "Animals.Editor.csproj", "{4A4E1A8D-A114-B78F-1504-22E7DF621BD0}"
EndProject
Global
	GlobalSection(SolutionConfigurationPlatforms) = preSolution
		Debug|Any CPU = Debug|Any CPU
		Release|Any CPU = Release|Any CPU
	EndGlobalSection
	GlobalSection(ProjectConfigurationPlatforms) = postSolution
		{90F7ED5F-29CD-4048-3D60-49615A8B74E2}.Debug|Any CPU.ActiveCfg = Debug|Any CPU
		{90F7ED5F-29CD-4048-3D60-49615A8B74E2}.Debug|Any CPU.Build.0 = Debug|Any CPU
		{90F7ED5F-29CD-4048-3D60-49615A8B74E2}.Release|Any CPU.ActiveCfg = Release|Any CPU
		{90F7ED5F-29CD-4048-3D60-49615A8B74E2}.Release|Any CPU.Build.0 = Release|Any CPU
		{CD850D31-54CF-29A6-E620-B7D67B4035DA}.Debug|Any CPU.ActiveCfg = Debug|Any CPU
		{CD850D31-54CF-29A6-E620-B7D67B4035DA}.Debug|Any CPU.Build.0 = Debug|Any CPU
		{CD850D31-54CF-29A6-E620-B7D67B4035DA}.Release|Any CPU.ActiveCfg = Release|Any CPU
		{CD850D31-54CF-29A6-E620-B7D67B4035DA}.Release|Any CPU.Build.0 = Release|Any CPU
		{2AAF1E1D-CCF1-4767-2C03-F99C6516871C}.Debug|Any CPU.ActiveCfg = Debug|Any CPU
		{2AAF1E1D-CCF1-4767-2C03-F99C6516871C}.Debug|Any CPU.Build.0 = Debug|Any CPU
		{2AAF1E1D-CCF1-4767-2C03-F99C6516871C}.Release|Any CPU.ActiveCfg = Release|Any CPU
		{2AAF1E1D-CCF1-4767-2C03-F99C6516871C}.Release|Any CPU.Build.0 = Release|Any CPU
		{4A4E1A8D-A114-B78F-1504-22E7DF621BD0}.Debug|Any CPU.ActiveCfg = Debug|Any CPU
		{4A4E1A8D-A114-B78F-1504-22E7DF621BD0}.Debug|Any CPU.Build.0 = Debug|Any CPU
		{4A4E1A8D-A114-B78F-1504-22E7DF621BD0}.Release|Any CPU.ActiveCfg = Release|Any CPU
		{4A4E1A8D-A114-B78F-1504-22E7DF621BD0}.Release|Any CPU.Build.0 = Release|Any CPU
	EndGlobalSection
	GlobalSection(SolutionProperties) = preSolution
		HideSolutionNode = FALSE
	EndGlobalSection
EndGlobal
